
Microsoft Visual Studio Solution File, Format Version 12.00
# Visual Studio 15
VisualStudioVersion = 15.0.28307.1972
MinimumVisualStudioVersion = 10.0.40219.1
Project("{FAE04EC0-301F-11D3-BF4B-00C04F79EFBC}") = "RemoteExec", "RemoteExec\RemoteExec.csproj", "{B12D7C8F-0EE7-4926-A0D2-8F7565A626D3}"
EndProject
Global
	GlobalSection(SolutionConfigurationPlatforms) = preSolution
		Debug|Any CPU = Debug|Any CPU
		Release|Any CPU = Release|Any CPU
	EndGlobalSection
	GlobalSection(ProjectConfigurationPlatforms) = postSolution
		{B12D7C8F-0EE7-4926-A0D2-8F7565A626D3}.Debug|Any CPU.ActiveCfg = Debug|Any CPU
		{B12D7C8F-0EE7-4926-A0D2-8F7565A626D3}.Debug|Any CPU.Build.0 = Debug|Any CPU
		{B12D7C8F-0EE7-4926-A0D2-8F7565A626D3}.Release|Any CPU.ActiveCfg = Release|Any CPU
		{B12D7C8F-0EE7-4926-A0D2-8F7565A626D3}.Release|Any CPU.Build.0 = Release|Any CPU
	EndGlobalSection
	GlobalSection(SolutionProperties) = preSolution
		HideSolutionNode = FALSE
	EndGlobalSection
	GlobalSection(ExtensibilityGlobals) = postSolution
		SolutionGuid = {AC3FD146-DDA6-4E81-8128-F6712F30A088}
	EndGlobalSection
EndGlobal
